
Microsoft Visual Studio Solution File, Format Version 12.00
# Visual Studio 15
VisualStudioVersion = 15.0.27703.2026
MinimumVisualStudioVersion = 10.0.40219.1
Project("{FAE04EC0-301F-11D3-BF4B-00C04F79EFBC}") = "TiendaComida", "TiendaComida\TiendaComida.csproj", "{AA350AD3-2F59-4526-8023-43A30D331705}"
EndProject
Project("{E24C65DC-7377-472B-9ABA-BC803B73C61A}") = "getup.com.pe", "getup.com.pe\", "{2B463187-90F3-468E-8E31-0C81182E9733}"
	ProjectSection(WebsiteProperties) = preProject
		TargetFrameworkMoniker = ".NETFramework,Version%3Dv4.0"
		Debug.AspNetCompiler.VirtualPath = "/localhost_65214"
		Debug.AspNetCompiler.PhysicalPath = "getup.com.pe\"
		Debug.AspNetCompiler.TargetPath = "PrecompiledWeb\localhost_65214\"
		Debug.AspNetCompiler.Updateable = "true"
		Debug.AspNetCompiler.ForceOverwrite = "true"
		Debug.AspNetCompiler.FixedNames = "false"
		Debug.AspNetCompiler.Debug = "True"
		Release.AspNetCompiler.VirtualPath = "/localhost_65214"
		Release.AspNetCompiler.PhysicalPath = "getup.com.pe\"
		Release.AspNetCompiler.TargetPath = "PrecompiledWeb\localhost_65214\"
		Release.AspNetCompiler.Updateable = "true"
		Release.AspNetCompiler.ForceOverwrite = "true"
		Release.AspNetCompiler.FixedNames = "false"
		Release.AspNetCompiler.Debug = "False"
		VWDPort = "65214"
		SlnRelativePath = "getup.com.pe\"
	EndProjectSection
EndProject
Global
	GlobalSection(SolutionConfigurationPlatforms) = preSolution
		Debug|Any CPU = Debug|Any CPU
		Release|Any CPU = Release|Any CPU
	EndGlobalSection
	GlobalSection(ProjectConfigurationPlatforms) = postSolution
		{AA350AD3-2F59-4526-8023-43A30D331705}.Debug|Any CPU.ActiveCfg = Debug|Any CPU
		{AA350AD3-2F59-4526-8023-43A30D331705}.Debug|Any CPU.Build.0 = Debug|Any CPU
		{AA350AD3-2F59-4526-8023-43A30D331705}.Release|Any CPU.ActiveCfg = Release|Any CPU
		{AA350AD3-2F59-4526-8023-43A30D331705}.Release|Any CPU.Build.0 = Release|Any CPU
		{2B463187-90F3-468E-8E31-0C81182E9733}.Debug|Any CPU.ActiveCfg = Debug|Any CPU
		{2B463187-90F3-468E-8E31-0C81182E9733}.Debug|Any CPU.Build.0 = Debug|Any CPU
		{2B463187-90F3-468E-8E31-0C81182E9733}.Release|Any CPU.ActiveCfg = Debug|Any CPU
		{2B463187-90F3-468E-8E31-0C81182E9733}.Release|Any CPU.Build.0 = Debug|Any CPU
	EndGlobalSection
	GlobalSection(SolutionProperties) = preSolution
		HideSolutionNode = FALSE
	EndGlobalSection
	GlobalSection(ExtensibilityGlobals) = postSolution
		SolutionGuid = {75BC3CE6-6A49-428B-8074-B656CDBEAE5E}
	EndGlobalSection
EndGlobal
